
Microsoft Visual Studio Solution File, Format Version 12.00
# Visual Studio Version 17
VisualStudioVersion = 17.6.33723.286
MinimumVisualStudioVersion = 10.0.40219.1
Project("{FAE04EC0-301F-11D3-BF4B-00C04F79EFBC}") = "Sem2EstructuraCProb10Ventana", "Sem2EstructuraCProb10Ventana\Sem2EstructuraCProb10Ventana.csproj", "{8829BD6A-2F39-4A7D-9D5E-B33BBA8F7ACA}"
EndProject
Global
	GlobalSection(SolutionConfigurationPlatforms) = preSolution
		Debug|Any CPU = Debug|Any CPU
		Release|Any CPU = Release|Any CPU
	EndGlobalSection
	GlobalSection(ProjectConfigurationPlatforms) = postSolution
		{8829BD6A-2F39-4A7D-9D5E-B33BBA8F7ACA}.Debug|Any CPU.ActiveCfg = Debug|Any CPU
		{8829BD6A-2F39-4A7D-9D5E-B33BBA8F7ACA}.Debug|Any CPU.Build.0 = Debug|Any CPU
		{8829BD6A-2F39-4A7D-9D5E-B33BBA8F7ACA}.Release|Any CPU.ActiveCfg = Release|Any CPU
		{8829BD6A-2F39-4A7D-9D5E-B33BBA8F7ACA}.Release|Any CPU.Build.0 = Release|Any CPU
	EndGlobalSection
	GlobalSection(SolutionProperties) = preSolution
		HideSolutionNode = FALSE
	EndGlobalSection
	GlobalSection(ExtensibilityGlobals) = postSolution
		SolutionGuid = {EDDF2D82-D944-4F96-BFFC-58602C38EFD3}
	EndGlobalSection
EndGlobal
